// !$*UTF8*$!
{
	archiveVersion = 1;
	classes = {
	};
	objectVersion = 46;
	objects = {

/* Begin PBXBuildFile section */
		0D5A13913008A6917966E43A /* Pods_garageeTests.framework in Frameworks */ = {isa = PBXBuildFile; fileRef = 34C2C41280370F559A42C284 /* Pods_garageeTests.framework */; };
		281C5D511FF6D6FE0025538F /* SourceryProtocols.swift in Sources */ = {isa = PBXBuildFile; fileRef = 281C5D501FF6D6FE0025538F /* SourceryProtocols.swift */; };
		281C5D581FF6D76D0025538F /* AutoHashable.generated.swift in Sources */ = {isa = PBXBuildFile; fileRef = 281C5D521FF6D76D0025538F /* AutoHashable.generated.swift */; };
		281C5D591FF6D76D0025538F /* Customer.dto.swift in Sources */ = {isa = PBXBuildFile; fileRef = 281C5D531FF6D76D0025538F /* Customer.dto.swift */; };
		281C5D5A1FF6D76D0025538F /* Order.dto.swift in Sources */ = {isa = PBXBuildFile; fileRef = 281C5D541FF6D76D0025538F /* Order.dto.swift */; };
		281C5D5B1FF6D76D0025538F /* Car.dto.swift in Sources */ = {isa = PBXBuildFile; fileRef = 281C5D551FF6D76D0025538F /* Car.dto.swift */; };
		281C5D5C1FF6D76D0025538F /* AutoEquatable.generated.swift in Sources */ = {isa = PBXBuildFile; fileRef = 281C5D561FF6D76D0025538F /* AutoEquatable.generated.swift */; };
		281C5D5D1FF6D76D0025538F /* Part.dto.swift in Sources */ = {isa = PBXBuildFile; fileRef = 281C5D571FF6D76D0025538F /* Part.dto.swift */; };
		281C5D761FF6DDF60025538F /* Car+CoreDataClass.swift in Sources */ = {isa = PBXBuildFile; fileRef = 281C5D6E1FF6DDF50025538F /* Car+CoreDataClass.swift */; };
		281C5D771FF6DDF60025538F /* Order+CoreDataProperties.swift in Sources */ = {isa = PBXBuildFile; fileRef = 281C5D6F1FF6DDF50025538F /* Order+CoreDataProperties.swift */; };
		281C5D781FF6DDF60025538F /* Order+CoreDataClass.swift in Sources */ = {isa = PBXBuildFile; fileRef = 281C5D701FF6DDF50025538F /* Order+CoreDataClass.swift */; };
		281C5D791FF6DDF60025538F /* Customer+CoreDataClass.swift in Sources */ = {isa = PBXBuildFile; fileRef = 281C5D711FF6DDF50025538F /* Customer+CoreDataClass.swift */; };
		281C5D7A1FF6DDF60025538F /* Car+CoreDataProperties.swift in Sources */ = {isa = PBXBuildFile; fileRef = 281C5D721FF6DDF50025538F /* Car+CoreDataProperties.swift */; };
		281C5D7B1FF6DDF60025538F /* Customer+CoreDataProperties.swift in Sources */ = {isa = PBXBuildFile; fileRef = 281C5D731FF6DDF50025538F /* Customer+CoreDataProperties.swift */; };
		281C5D7C1FF6DDF60025538F /* Part+CoreDataClass.swift in Sources */ = {isa = PBXBuildFile; fileRef = 281C5D741FF6DDF50025538F /* Part+CoreDataClass.swift */; };
		281C5D7D1FF6DDF60025538F /* Part+CoreDataProperties.swift in Sources */ = {isa = PBXBuildFile; fileRef = 281C5D751FF6DDF60025538F /* Part+CoreDataProperties.swift */; };
		287EB12D1FF5773C00AFE22A /* MoyaResponseParsing.swift in Sources */ = {isa = PBXBuildFile; fileRef = 287EB1211FF5773A00AFE22A /* MoyaResponseParsing.swift */; };
		287EB1301FF5773C00AFE22A /* CoreDataStack.swift in Sources */ = {isa = PBXBuildFile; fileRef = 287EB1251FF5773A00AFE22A /* CoreDataStack.swift */; };
		287EB1311FF5773C00AFE22A /* Managed.swift in Sources */ = {isa = PBXBuildFile; fileRef = 287EB1261FF5773A00AFE22A /* Managed.swift */; };
		287EB1321FF5773C00AFE22A /* FetchedResultsControllerControllerEntityObserver.swift in Sources */ = {isa = PBXBuildFile; fileRef = 287EB1281FF5773A00AFE22A /* FetchedResultsControllerControllerEntityObserver.swift */; };
		287EB1331FF5773C00AFE22A /* FetchedResultsControllerSectionObserver.swift in Sources */ = {isa = PBXBuildFile; fileRef = 287EB1291FF5773A00AFE22A /* FetchedResultsControllerSectionObserver.swift */; };
		287EB1341FF5773C00AFE22A /* NSManagedObjectContext+Rx.swift in Sources */ = {isa = PBXBuildFile; fileRef = 287EB12A1FF5773A00AFE22A /* NSManagedObjectContext+Rx.swift */; };
		287EB1351FF5773C00AFE22A /* ErrorHandling.swift in Sources */ = {isa = PBXBuildFile; fileRef = 287EB12C1FF5773B00AFE22A /* ErrorHandling.swift */; };
		287EB1471FF57B5700AFE22A /* BaseViewModel.swift in Sources */ = {isa = PBXBuildFile; fileRef = 287EB1381FF57B5300AFE22A /* BaseViewModel.swift */; };
		287EB1481FF57B5700AFE22A /* Coordinator.swift in Sources */ = {isa = PBXBuildFile; fileRef = 287EB13A1FF57B5400AFE22A /* Coordinator.swift */; };
		287EB1491FF57B5700AFE22A /* BaseCollectionView.swift in Sources */ = {isa = PBXBuildFile; fileRef = 287EB13C1FF57B5400AFE22A /* BaseCollectionView.swift */; };
		287EB14A1FF57B5700AFE22A /* BaseSectionModel.swift in Sources */ = {isa = PBXBuildFile; fileRef = 287EB13D1FF57B5400AFE22A /* BaseSectionModel.swift */; };
		287EB14B1FF57B5700AFE22A /* CellGenerics.swift in Sources */ = {isa = PBXBuildFile; fileRef = 287EB13E1FF57B5400AFE22A /* CellGenerics.swift */; };
		287EB14C1FF57B5700AFE22A /* ReusableCollectionView.swift in Sources */ = {isa = PBXBuildFile; fileRef = 287EB13F1FF57B5400AFE22A /* ReusableCollectionView.swift */; };
		287EB14D1FF57B5700AFE22A /* NavigationController.swift in Sources */ = {isa = PBXBuildFile; fileRef = 287EB1411FF57B5500AFE22A /* NavigationController.swift */; };
		287EB14E1FF57B5700AFE22A /* BaseViewController.swift in Sources */ = {isa = PBXBuildFile; fileRef = 287EB1431FF57B5600AFE22A /* BaseViewController.swift */; };
		287EB14F1FF57B5700AFE22A /* ActivityIndicator.swift in Sources */ = {isa = PBXBuildFile; fileRef = 287EB1451FF57B5600AFE22A /* ActivityIndicator.swift */; };
		287EB1501FF57B5700AFE22A /* MBProgressHUD+ReactiveObserver.swift in Sources */ = {isa = PBXBuildFile; fileRef = 287EB1461FF57B5600AFE22A /* MBProgressHUD+ReactiveObserver.swift */; };
		287EB1591FF57B7600AFE22A /* String+Convenience.swift in Sources */ = {isa = PBXBuildFile; fileRef = 287EB1521FF57B7600AFE22A /* String+Convenience.swift */; };
		287EB15A1FF57B7600AFE22A /* String.swift in Sources */ = {isa = PBXBuildFile; fileRef = 287EB1531FF57B7600AFE22A /* String.swift */; };
		287EB15B1FF57B7600AFE22A /* UIAlertController+Convenience.swift in Sources */ = {isa = PBXBuildFile; fileRef = 287EB1541FF57B7600AFE22A /* UIAlertController+Convenience.swift */; };
		287EB15C1FF57B7600AFE22A /* UIButton+BackgroundColor.swift in Sources */ = {isa = PBXBuildFile; fileRef = 287EB1551FF57B7600AFE22A /* UIButton+BackgroundColor.swift */; };
		287EB15D1FF57B7600AFE22A /* UICollectionView+Convenience.swift in Sources */ = {isa = PBXBuildFile; fileRef = 287EB1561FF57B7600AFE22A /* UICollectionView+Convenience.swift */; };
		287EB15E1FF57B7600AFE22A /* UICollectionView+ReusCell.swift in Sources */ = {isa = PBXBuildFile; fileRef = 287EB1571FF57B7600AFE22A /* UICollectionView+ReusCell.swift */; };
		287EB15F1FF57B7600AFE22A /* UITableView+ReusCell.swift in Sources */ = {isa = PBXBuildFile; fileRef = 287EB1581FF57B7600AFE22A /* UITableView+ReusCell.swift */; };
		28894E5D1E676AC9005F8F05 /* Storyboards.swift in Sources */ = {isa = PBXBuildFile; fileRef = 28894E5C1E676AC9005F8F05 /* Storyboards.swift */; };
		28894E5F1E676F5C005F8F05 /* Images.swift in Sources */ = {isa = PBXBuildFile; fileRef = 28894E5E1E676F5B005F8F05 /* Images.swift */; };
		28894E611E676F68005F8F05 /* Colors.swift in Sources */ = {isa = PBXBuildFile; fileRef = 28894E601E676F68005F8F05 /* Colors.swift */; };
		28894E631E676F6F005F8F05 /* Fonts.swift in Sources */ = {isa = PBXBuildFile; fileRef = 28894E621E676F6F005F8F05 /* Fonts.swift */; };
		289F01CD1E82809E0073643C /* OrdersVC.swift in Sources */ = {isa = PBXBuildFile; fileRef = 289F01CB1E82809E0073643C /* OrdersVC.swift */; };
		289F01CE1E82809E0073643C /* OrdersVC.xib in Resources */ = {isa = PBXBuildFile; fileRef = 289F01CC1E82809E0073643C /* OrdersVC.xib */; };
		28C60DB41E575C6A00D83C5B /* AppDelegate.swift in Sources */ = {isa = PBXBuildFile; fileRef = 28C60DB31E575C6A00D83C5B /* AppDelegate.swift */; };
		28C60DB61E575C6A00D83C5B /* ViewController.swift in Sources */ = {isa = PBXBuildFile; fileRef = 28C60DB51E575C6A00D83C5B /* ViewController.swift */; };
		28C60DB91E575C6A00D83C5B /* Main.storyboard in Resources */ = {isa = PBXBuildFile; fileRef = 28C60DB71E575C6A00D83C5B /* Main.storyboard */; };
		28C60DBC1E575C6A00D83C5B /* garagee.xcdatamodeld in Sources */ = {isa = PBXBuildFile; fileRef = 28C60DBA1E575C6A00D83C5B /* garagee.xcdatamodeld */; };
		28C60DBE1E575C6A00D83C5B /* Assets.xcassets in Resources */ = {isa = PBXBuildFile; fileRef = 28C60DBD1E575C6A00D83C5B /* Assets.xcassets */; };
		28C60DC11E575C6A00D83C5B /* LaunchScreen.storyboard in Resources */ = {isa = PBXBuildFile; fileRef = 28C60DBF1E575C6A00D83C5B /* LaunchScreen.storyboard */; };
		28C60DCC1E575C6B00D83C5B /* garageeTests.swift in Sources */ = {isa = PBXBuildFile; fileRef = 28C60DCB1E575C6B00D83C5B /* garageeTests.swift */; };
		28C60DD71E575C6B00D83C5B /* garageeUITests.swift in Sources */ = {isa = PBXBuildFile; fileRef = 28C60DD61E575C6B00D83C5B /* garageeUITests.swift */; };
		43FFD8EF50303EE18E9E655F /* Pods_garagee.framework in Frameworks */ = {isa = PBXBuildFile; fileRef = 97BE95F4BF64BCB2F0984C1C /* Pods_garagee.framework */; };
		8C7592C50B76D4E48952FC2B /* Pods_garageeUITests.framework in Frameworks */ = {isa = PBXBuildFile; fileRef = 8C34105DA961E140A3AEF553 /* Pods_garageeUITests.framework */; };
/* End PBXBuildFile section */

/* Begin PBXContainerItemProxy section */
		28C60DC81E575C6B00D83C5B /* PBXContainerItemProxy */ = {
			isa = PBXContainerItemProxy;
			containerPortal = 28C60DA81E575C6A00D83C5B /* Project object */;
			proxyType = 1;
			remoteGlobalIDString = 28C60DAF1E575C6A00D83C5B;
			remoteInfo = garagee;
		};
		28C60DD31E575C6B00D83C5B /* PBXContainerItemProxy */ = {
			isa = PBXContainerItemProxy;
			containerPortal = 28C60DA81E575C6A00D83C5B /* Project object */;
			proxyType = 1;
			remoteGlobalIDString = 28C60DAF1E575C6A00D83C5B;
			remoteInfo = garagee;
		};
/* End PBXContainerItemProxy section */

/* Begin PBXFileReference section */
		04E499789AC349A1F2C3E5E9 /* Pods-garagee.release.xcconfig */ = {isa = PBXFileReference; includeInIndex = 1; lastKnownFileType = text.xcconfig; name = "Pods-garagee.release.xcconfig"; path = "Pods/Target Support Files/Pods-garagee/Pods-garagee.release.xcconfig"; sourceTree = "<group>"; };
		281C5D501FF6D6FE0025538F /* SourceryProtocols.swift */ = {isa = PBXFileReference; fileEncoding = 4; lastKnownFileType = sourcecode.swift; path = SourceryProtocols.swift; sourceTree = "<group>"; };
		281C5D521FF6D76D0025538F /* AutoHashable.generated.swift */ = {isa = PBXFileReference; fileEncoding = 4; lastKnownFileType = sourcecode.swift; path = AutoHashable.generated.swift; sourceTree = "<group>"; };
		281C5D531FF6D76D0025538F /* Customer.dto.swift */ = {isa = PBXFileReference; fileEncoding = 4; lastKnownFileType = sourcecode.swift; path = Customer.dto.swift; sourceTree = "<group>"; };
		281C5D541FF6D76D0025538F /* Order.dto.swift */ = {isa = PBXFileReference; fileEncoding = 4; lastKnownFileType = sourcecode.swift; path = Order.dto.swift; sourceTree = "<group>"; };
		281C5D551FF6D76D0025538F /* Car.dto.swift */ = {isa = PBXFileReference; fileEncoding = 4; lastKnownFileType = sourcecode.swift; path = Car.dto.swift; sourceTree = "<group>"; };
		281C5D561FF6D76D0025538F /* AutoEquatable.generated.swift */ = {isa = PBXFileReference; fileEncoding = 4; lastKnownFileType = sourcecode.swift; path = AutoEquatable.generated.swift; sourceTree = "<group>"; };
		281C5D571FF6D76D0025538F /* Part.dto.swift */ = {isa = PBXFileReference; fileEncoding = 4; lastKnownFileType = sourcecode.swift; path = Part.dto.swift; sourceTree = "<group>"; };
		281C5D6E1FF6DDF50025538F /* Car+CoreDataClass.swift */ = {isa = PBXFileReference; fileEncoding = 4; lastKnownFileType = sourcecode.swift; path = "Car+CoreDataClass.swift"; sourceTree = "<group>"; };
		281C5D6F1FF6DDF50025538F /* Order+CoreDataProperties.swift */ = {isa = PBXFileReference; fileEncoding = 4; lastKnownFileType = sourcecode.swift; path = "Order+CoreDataProperties.swift"; sourceTree = "<group>"; };
		281C5D701FF6DDF50025538F /* Order+CoreDataClass.swift */ = {isa = PBXFileReference; fileEncoding = 4; lastKnownFileType = sourcecode.swift; path = "Order+CoreDataClass.swift"; sourceTree = "<group>"; };
		281C5D711FF6DDF50025538F /* Customer+CoreDataClass.swift */ = {isa = PBXFileReference; fileEncoding = 4; lastKnownFileType = sourcecode.swift; path = "Customer+CoreDataClass.swift"; sourceTree = "<group>"; };
		281C5D721FF6DDF50025538F /* Car+CoreDataProperties.swift */ = {isa = PBXFileReference; fileEncoding = 4; lastKnownFileType = sourcecode.swift; path = "Car+CoreDataProperties.swift"; sourceTree = "<group>"; };
		281C5D731FF6DDF50025538F /* Customer+CoreDataProperties.swift */ = {isa = PBXFileReference; fileEncoding = 4; lastKnownFileType = sourcecode.swift; path = "Customer+CoreDataProperties.swift"; sourceTree = "<group>"; };
		281C5D741FF6DDF50025538F /* Part+CoreDataClass.swift */ = {isa = PBXFileReference; fileEncoding = 4; lastKnownFileType = sourcecode.swift; path = "Part+CoreDataClass.swift"; sourceTree = "<group>"; };
		281C5D751FF6DDF60025538F /* Part+CoreDataProperties.swift */ = {isa = PBXFileReference; fileEncoding = 4; lastKnownFileType = sourcecode.swift; path = "Part+CoreDataProperties.swift"; sourceTree = "<group>"; };
		287EB1211FF5773A00AFE22A /* MoyaResponseParsing.swift */ = {isa = PBXFileReference; fileEncoding = 4; lastKnownFileType = sourcecode.swift; path = MoyaResponseParsing.swift; sourceTree = "<group>"; };
		287EB1251FF5773A00AFE22A /* CoreDataStack.swift */ = {isa = PBXFileReference; fileEncoding = 4; lastKnownFileType = sourcecode.swift; path = CoreDataStack.swift; sourceTree = "<group>"; };
		287EB1261FF5773A00AFE22A /* Managed.swift */ = {isa = PBXFileReference; fileEncoding = 4; lastKnownFileType = sourcecode.swift; path = Managed.swift; sourceTree = "<group>"; };
		287EB1281FF5773A00AFE22A /* FetchedResultsControllerControllerEntityObserver.swift */ = {isa = PBXFileReference; fileEncoding = 4; lastKnownFileType = sourcecode.swift; path = FetchedResultsControllerControllerEntityObserver.swift; sourceTree = "<group>"; };
		287EB1291FF5773A00AFE22A /* FetchedResultsControllerSectionObserver.swift */ = {isa = PBXFileReference; fileEncoding = 4; lastKnownFileType = sourcecode.swift; path = FetchedResultsControllerSectionObserver.swift; sourceTree = "<group>"; };
		287EB12A1FF5773A00AFE22A /* NSManagedObjectContext+Rx.swift */ = {isa = PBXFileReference; fileEncoding = 4; lastKnownFileType = sourcecode.swift; path = "NSManagedObjectContext+Rx.swift"; sourceTree = "<group>"; };
		287EB12C1FF5773B00AFE22A /* ErrorHandling.swift */ = {isa = PBXFileReference; fileEncoding = 4; lastKnownFileType = sourcecode.swift; path = ErrorHandling.swift; sourceTree = "<group>"; };
		287EB1381FF57B5300AFE22A /* BaseViewModel.swift */ = {isa = PBXFileReference; fileEncoding = 4; lastKnownFileType = sourcecode.swift; path = BaseViewModel.swift; sourceTree = "<group>"; };
		287EB13A1FF57B5400AFE22A /* Coordinator.swift */ = {isa = PBXFileReference; fileEncoding = 4; lastKnownFileType = sourcecode.swift; path = Coordinator.swift; sourceTree = "<group>"; };
		287EB13C1FF57B5400AFE22A /* BaseCollectionView.swift */ = {isa = PBXFileReference; fileEncoding = 4; lastKnownFileType = sourcecode.swift; path = BaseCollectionView.swift; sourceTree = "<group>"; };
		287EB13D1FF57B5400AFE22A /* BaseSectionModel.swift */ = {isa = PBXFileReference; fileEncoding = 4; lastKnownFileType = sourcecode.swift; path = BaseSectionModel.swift; sourceTree = "<group>"; };
		287EB13E1FF57B5400AFE22A /* CellGenerics.swift */ = {isa = PBXFileReference; fileEncoding = 4; lastKnownFileType = sourcecode.swift; path = CellGenerics.swift; sourceTree = "<group>"; };
		287EB13F1FF57B5400AFE22A /* ReusableCollectionView.swift */ = {isa = PBXFileReference; fileEncoding = 4; lastKnownFileType = sourcecode.swift; path = ReusableCollectionView.swift; sourceTree = "<group>"; };
		287EB1411FF57B5500AFE22A /* NavigationController.swift */ = {isa = PBXFileReference; fileEncoding = 4; lastKnownFileType = sourcecode.swift; path = NavigationController.swift; sourceTree = "<group>"; };
		287EB1431FF57B5600AFE22A /* BaseViewController.swift */ = {isa = PBXFileReference; fileEncoding = 4; lastKnownFileType = sourcecode.swift; path = BaseViewController.swift; sourceTree = "<group>"; };
		287EB1451FF57B5600AFE22A /* ActivityIndicator.swift */ = {isa = PBXFileReference; fileEncoding = 4; lastKnownFileType = sourcecode.swift; path = ActivityIndicator.swift; sourceTree = "<group>"; };
		287EB1461FF57B5600AFE22A /* MBProgressHUD+ReactiveObserver.swift */ = {isa = PBXFileReference; fileEncoding = 4; lastKnownFileType = sourcecode.swift; path = "MBProgressHUD+ReactiveObserver.swift"; sourceTree = "<group>"; };
		287EB1521FF57B7600AFE22A /* String+Convenience.swift */ = {isa = PBXFileReference; fileEncoding = 4; lastKnownFileType = sourcecode.swift; path = "String+Convenience.swift"; sourceTree = "<group>"; };
		287EB1531FF57B7600AFE22A /* String.swift */ = {isa = PBXFileReference; fileEncoding = 4; lastKnownFileType = sourcecode.swift; path = String.swift; sourceTree = "<group>"; };
		287EB1541FF57B7600AFE22A /* UIAlertController+Convenience.swift */ = {isa = PBXFileReference; fileEncoding = 4; lastKnownFileType = sourcecode.swift; path = "UIAlertController+Convenience.swift"; sourceTree = "<group>"; };
		287EB1551FF57B7600AFE22A /* UIButton+BackgroundColor.swift */ = {isa = PBXFileReference; fileEncoding = 4; lastKnownFileType = sourcecode.swift; path = "UIButton+BackgroundColor.swift"; sourceTree = "<group>"; };
		287EB1561FF57B7600AFE22A /* UICollectionView+Convenience.swift */ = {isa = PBXFileReference; fileEncoding = 4; lastKnownFileType = sourcecode.swift; path = "UICollectionView+Convenience.swift"; sourceTree = "<group>"; };
		287EB1571FF57B7600AFE22A /* UICollectionView+ReusCell.swift */ = {isa = PBXFileReference; fileEncoding = 4; lastKnownFileType = sourcecode.swift; path = "UICollectionView+ReusCell.swift"; sourceTree = "<group>"; };
		287EB1581FF57B7600AFE22A /* UITableView+ReusCell.swift */ = {isa = PBXFileReference; fileEncoding = 4; lastKnownFileType = sourcecode.swift; path = "UITableView+ReusCell.swift"; sourceTree = "<group>"; };
		28894E5C1E676AC9005F8F05 /* Storyboards.swift */ = {isa = PBXFileReference; fileEncoding = 4; lastKnownFileType = sourcecode.swift; path = Storyboards.swift; sourceTree = "<group>"; };
		28894E5E1E676F5B005F8F05 /* Images.swift */ = {isa = PBXFileReference; fileEncoding = 4; lastKnownFileType = sourcecode.swift; path = Images.swift; sourceTree = "<group>"; };
		28894E601E676F68005F8F05 /* Colors.swift */ = {isa = PBXFileReference; fileEncoding = 4; lastKnownFileType = sourcecode.swift; path = Colors.swift; sourceTree = "<group>"; };
		28894E621E676F6F005F8F05 /* Fonts.swift */ = {isa = PBXFileReference; fileEncoding = 4; lastKnownFileType = sourcecode.swift; path = Fonts.swift; sourceTree = "<group>"; };
		289F01CB1E82809E0073643C /* OrdersVC.swift */ = {isa = PBXFileReference; fileEncoding = 4; lastKnownFileType = sourcecode.swift; path = OrdersVC.swift; sourceTree = SOURCE_ROOT; };
		289F01CC1E82809E0073643C /* OrdersVC.xib */ = {isa = PBXFileReference; fileEncoding = 4; lastKnownFileType = file.xib; path = OrdersVC.xib; sourceTree = SOURCE_ROOT; };
		28C60DB01E575C6A00D83C5B /* garagee.app */ = {isa = PBXFileReference; explicitFileType = wrapper.application; includeInIndex = 0; path = garagee.app; sourceTree = BUILT_PRODUCTS_DIR; };
		28C60DB31E575C6A00D83C5B /* AppDelegate.swift */ = {isa = PBXFileReference; lastKnownFileType = sourcecode.swift; path = AppDelegate.swift; sourceTree = "<group>"; };
		28C60DB51E575C6A00D83C5B /* ViewController.swift */ = {isa = PBXFileReference; lastKnownFileType = sourcecode.swift; path = ViewController.swift; sourceTree = "<group>"; };
		28C60DB81E575C6A00D83C5B /* Base */ = {isa = PBXFileReference; lastKnownFileType = file.storyboard; name = Base; path = Base.lproj/Main.storyboard; sourceTree = "<group>"; };
		28C60DBB1E575C6A00D83C5B /* garagee.xcdatamodel */ = {isa = PBXFileReference; lastKnownFileType = wrapper.xcdatamodel; path = garagee.xcdatamodel; sourceTree = "<group>"; };
		28C60DBD1E575C6A00D83C5B /* Assets.xcassets */ = {isa = PBXFileReference; lastKnownFileType = folder.assetcatalog; path = Assets.xcassets; sourceTree = "<group>"; };
		28C60DC01E575C6A00D83C5B /* Base */ = {isa = PBXFileReference; lastKnownFileType = file.storyboard; name = Base; path = Base.lproj/LaunchScreen.storyboard; sourceTree = "<group>"; };
		28C60DC21E575C6A00D83C5B /* Info.plist */ = {isa = PBXFileReference; lastKnownFileType = text.plist.xml; path = Info.plist; sourceTree = "<group>"; };
		28C60DC71E575C6B00D83C5B /* garageeTests.xctest */ = {isa = PBXFileReference; explicitFileType = wrapper.cfbundle; includeInIndex = 0; path = garageeTests.xctest; sourceTree = BUILT_PRODUCTS_DIR; };
		28C60DCB1E575C6B00D83C5B /* garageeTests.swift */ = {isa = PBXFileReference; lastKnownFileType = sourcecode.swift; path = garageeTests.swift; sourceTree = "<group>"; };
		28C60DCD1E575C6B00D83C5B /* Info.plist */ = {isa = PBXFileReference; lastKnownFileType = text.plist.xml; path = Info.plist; sourceTree = "<group>"; };
		28C60DD21E575C6B00D83C5B /* garageeUITests.xctest */ = {isa = PBXFileReference; explicitFileType = wrapper.cfbundle; includeInIndex = 0; path = garageeUITests.xctest; sourceTree = BUILT_PRODUCTS_DIR; };
		28C60DD61E575C6B00D83C5B /* garageeUITests.swift */ = {isa = PBXFileReference; lastKnownFileType = sourcecode.swift; path = garageeUITests.swift; sourceTree = "<group>"; };
		28C60DD81E575C6B00D83C5B /* Info.plist */ = {isa = PBXFileReference; lastKnownFileType = text.plist.xml; path = Info.plist; sourceTree = "<group>"; };
		34C2C41280370F559A42C284 /* Pods_garageeTests.framework */ = {isa = PBXFileReference; explicitFileType = wrapper.framework; includeInIndex = 0; path = Pods_garageeTests.framework; sourceTree = BUILT_PRODUCTS_DIR; };
		4FC2690FDBE86D3EAC2167C1 /* Pods-garageeUITests.release.xcconfig */ = {isa = PBXFileReference; includeInIndex = 1; lastKnownFileType = text.xcconfig; name = "Pods-garageeUITests.release.xcconfig"; path = "Pods/Target Support Files/Pods-garageeUITests/Pods-garageeUITests.release.xcconfig"; sourceTree = "<group>"; };
		618C99E9BB80EF325223F18C /* Pods-garageeUITests.debug.xcconfig */ = {isa = PBXFileReference; includeInIndex = 1; lastKnownFileType = text.xcconfig; name = "Pods-garageeUITests.debug.xcconfig"; path = "Pods/Target Support Files/Pods-garageeUITests/Pods-garageeUITests.debug.xcconfig"; sourceTree = "<group>"; };
		8C34105DA961E140A3AEF553 /* Pods_garageeUITests.framework */ = {isa = PBXFileReference; explicitFileType = wrapper.framework; includeInIndex = 0; path = Pods_garageeUITests.framework; sourceTree = BUILT_PRODUCTS_DIR; };
		97BE95F4BF64BCB2F0984C1C /* Pods_garagee.framework */ = {isa = PBXFileReference; explicitFileType = wrapper.framework; includeInIndex = 0; path = Pods_garagee.framework; sourceTree = BUILT_PRODUCTS_DIR; };
		9CF0DC28C50B2AC1B5E9F28D /* Pods-garageeTests.debug.xcconfig */ = {isa = PBXFileReference; includeInIndex = 1; lastKnownFileType = text.xcconfig; name = "Pods-garageeTests.debug.xcconfig"; path = "Pods/Target Support Files/Pods-garageeTests/Pods-garageeTests.debug.xcconfig"; sourceTree = "<group>"; };
		A3B22444A57E3D0957028779 /* Pods-garageeTests.release.xcconfig */ = {isa = PBXFileReference; includeInIndex = 1; lastKnownFileType = text.xcconfig; name = "Pods-garageeTests.release.xcconfig"; path = "Pods/Target Support Files/Pods-garageeTests/Pods-garageeTests.release.xcconfig"; sourceTree = "<group>"; };
		F931E51649E44A08EA6F773F /* Pods-garagee.debug.xcconfig */ = {isa = PBXFileReference; includeInIndex = 1; lastKnownFileType = text.xcconfig; name = "Pods-garagee.debug.xcconfig"; path = "Pods/Target Support Files/Pods-garagee/Pods-garagee.debug.xcconfig"; sourceTree = "<group>"; };
/* End PBXFileReference section */

/* Begin PBXFrameworksBuildPhase section */
		28C60DAD1E575C6A00D83C5B /* Frameworks */ = {
			isa = PBXFrameworksBuildPhase;
			buildActionMask = 2147483647;
			files = (
				43FFD8EF50303EE18E9E655F /* Pods_garagee.framework in Frameworks */,
			);
			runOnlyForDeploymentPostprocessing = 0;
		};
		28C60DC41E575C6B00D83C5B /* Frameworks */ = {
			isa = PBXFrameworksBuildPhase;
			buildActionMask = 2147483647;
			files = (
				0D5A13913008A6917966E43A /* Pods_garageeTests.framework in Frameworks */,
			);
			runOnlyForDeploymentPostprocessing = 0;
		};
		28C60DCF1E575C6B00D83C5B /* Frameworks */ = {
			isa = PBXFrameworksBuildPhase;
			buildActionMask = 2147483647;
			files = (
				8C7592C50B76D4E48952FC2B /* Pods_garageeUITests.framework in Frameworks */,
			);
			runOnlyForDeploymentPostprocessing = 0;
		};
/* End PBXFrameworksBuildPhase section */

/* Begin PBXGroup section */
		281C5D471FF6D1190025538F /* generated */ = {
			isa = PBXGroup;
			children = (
				281C5D561FF6D76D0025538F /* AutoEquatable.generated.swift */,
				281C5D521FF6D76D0025538F /* AutoHashable.generated.swift */,
				281C5D551FF6D76D0025538F /* Car.dto.swift */,
				281C5D531FF6D76D0025538F /* Customer.dto.swift */,
				281C5D541FF6D76D0025538F /* Order.dto.swift */,
				281C5D571FF6D76D0025538F /* Part.dto.swift */,
				281C5D501FF6D6FE0025538F /* SourceryProtocols.swift */,
			);
			path = generated;
			sourceTree = "<group>";
		};
		287EB1201FF5773A00AFE22A /* Networking */ = {
			isa = PBXGroup;
			children = (
				287EB1211FF5773A00AFE22A /* MoyaResponseParsing.swift */,
			);
			path = Networking;
			sourceTree = "<group>";
		};
		287EB1241FF5773A00AFE22A /* CoreData */ = {
			isa = PBXGroup;
			children = (
				287EB1251FF5773A00AFE22A /* CoreDataStack.swift */,
				287EB1261FF5773A00AFE22A /* Managed.swift */,
				287EB1271FF5773A00AFE22A /* RxCoreData */,
			);
			name = CoreData;
			path = "../../../ios-BlueBerryExampleProject/BlueBerryExampleProject/BlueBerryExampleProject/Managers/CoreData";
			sourceTree = "<group>";
		};
		287EB1271FF5773A00AFE22A /* RxCoreData */ = {
			isa = PBXGroup;
			children = (
				287EB1281FF5773A00AFE22A /* FetchedResultsControllerControllerEntityObserver.swift */,
				287EB1291FF5773A00AFE22A /* FetchedResultsControllerSectionObserver.swift */,
				287EB12A1FF5773A00AFE22A /* NSManagedObjectContext+Rx.swift */,
			);
			path = RxCoreData;
			sourceTree = "<group>";
		};
		287EB12B1FF5773B00AFE22A /* ErrorHandling */ = {
			isa = PBXGroup;
			children = (
				287EB12C1FF5773B00AFE22A /* ErrorHandling.swift */,
			);
			path = ErrorHandling;
			sourceTree = "<group>";
		};
		287EB1361FF577E600AFE22A /* Common */ = {
			isa = PBXGroup;
			children = (
				287EB1441FF57B5600AFE22A /* ActivityIndicator */,
				287EB1391FF57B5400AFE22A /* Coordinator */,
				287EB1401FF57B5500AFE22A /* NavigationController */,
				287EB13B1FF57B5400AFE22A /* UICollectionView */,
				287EB1421FF57B5600AFE22A /* UIViewController */,
				287EB1371FF57B5300AFE22A /* ViewModel */,
			);
			path = Common;
			sourceTree = "<group>";
		};
		287EB1371FF57B5300AFE22A /* ViewModel */ = {
			isa = PBXGroup;
			children = (
				287EB1381FF57B5300AFE22A /* BaseViewModel.swift */,
			);
			path = ViewModel;
			sourceTree = "<group>";
		};
		287EB1391FF57B5400AFE22A /* Coordinator */ = {
			isa = PBXGroup;
			children = (
				287EB13A1FF57B5400AFE22A /* Coordinator.swift */,
			);
			path = Coordinator;
			sourceTree = "<group>";
		};
		287EB13B1FF57B5400AFE22A /* UICollectionView */ = {
			isa = PBXGroup;
			children = (
				287EB13C1FF57B5400AFE22A /* BaseCollectionView.swift */,
				287EB13D1FF57B5400AFE22A /* BaseSectionModel.swift */,
				287EB13E1FF57B5400AFE22A /* CellGenerics.swift */,
				287EB13F1FF57B5400AFE22A /* ReusableCollectionView.swift */,
			);
			path = UICollectionView;
			sourceTree = "<group>";
		};
		287EB1401FF57B5500AFE22A /* NavigationController */ = {
			isa = PBXGroup;
			children = (
				287EB1411FF57B5500AFE22A /* NavigationController.swift */,
			);
			path = NavigationController;
			sourceTree = "<group>";
		};
		287EB1421FF57B5600AFE22A /* UIViewController */ = {
			isa = PBXGroup;
			children = (
				287EB1431FF57B5600AFE22A /* BaseViewController.swift */,
			);
			path = UIViewController;
			sourceTree = "<group>";
		};
		287EB1441FF57B5600AFE22A /* ActivityIndicator */ = {
			isa = PBXGroup;
			children = (
				287EB1451FF57B5600AFE22A /* ActivityIndicator.swift */,
				287EB1461FF57B5600AFE22A /* MBProgressHUD+ReactiveObserver.swift */,
			);
			path = ActivityIndicator;
			sourceTree = "<group>";
		};
		287EB1511FF57B7600AFE22A /* Extensions */ = {
			isa = PBXGroup;
			children = (
				287EB1521FF57B7600AFE22A /* String+Convenience.swift */,
				287EB1531FF57B7600AFE22A /* String.swift */,
				287EB1541FF57B7600AFE22A /* UIAlertController+Convenience.swift */,
				287EB1551FF57B7600AFE22A /* UIButton+BackgroundColor.swift */,
				287EB1561FF57B7600AFE22A /* UICollectionView+Convenience.swift */,
				287EB1571FF57B7600AFE22A /* UICollectionView+ReusCell.swift */,
				287EB1581FF57B7600AFE22A /* UITableView+ReusCell.swift */,
			);
			path = Extensions;
			sourceTree = "<group>";
		};
		28894E641E676F9C005F8F05 /* Generic */ = {
			isa = PBXGroup;
			children = (
			);
			name = Generic;
			sourceTree = "<group>";
		};
		289F01C91E827F900073643C /* Orders */ = {
			isa = PBXGroup;
			children = (
				289F01CB1E82809E0073643C /* OrdersVC.swift */,
				289F01CC1E82809E0073643C /* OrdersVC.xib */,
			);
			name = Orders;
			sourceTree = "<group>";
		};
		289F01CA1E827F950073643C /* New Group */ = {
			isa = PBXGroup;
			children = (
			);
			name = "New Group";
			sourceTree = "<group>";
		};
		28C60DA71E575C6A00D83C5B = {
			isa = PBXGroup;
			children = (
				28C60DB11E575C6A00D83C5B /* Products */,
				28C60DB21E575C6A00D83C5B /* garagee */,
				28C60DCA1E575C6B00D83C5B /* garageeTests */,
				28C60DD51E575C6B00D83C5B /* garageeUITests */,
				6C2C2295A97BCC3D5B023622 /* Pods */,
				8CC85095F25E313828593053 /* Frameworks */,
			);
			sourceTree = "<group>";
		};
		28C60DB11E575C6A00D83C5B /* Products */ = {
			isa = PBXGroup;
			children = (
				28C60DB01E575C6A00D83C5B /* garagee.app */,
				28C60DC71E575C6B00D83C5B /* garageeTests.xctest */,
				28C60DD21E575C6B00D83C5B /* garageeUITests.xctest */,
			);
			name = Products;
			sourceTree = "<group>";
		};
		28C60DB21E575C6A00D83C5B /* garagee */ = {
			isa = PBXGroup;
			children = (
				281C5D471FF6D1190025538F /* generated */,
				287EB1511FF57B7600AFE22A /* Extensions */,
				287EB1361FF577E600AFE22A /* Common */,
				28C60DE61E575CA200D83C5B /* Managers */,
				28C60DE51E575C9E00D83C5B /* Model */,
				28C60DE71E575CAC00D83C5B /* Resources */,
				28C60DE41E575C9200D83C5B /* UI */,
				28C60DB31E575C6A00D83C5B /* AppDelegate.swift */,
				28C60DBD1E575C6A00D83C5B /* Assets.xcassets */,
				28C60DC21E575C6A00D83C5B /* Info.plist */,
				28C60DBF1E575C6A00D83C5B /* LaunchScreen.storyboard */,
				28C60DB71E575C6A00D83C5B /* Main.storyboard */,
				28C60DB51E575C6A00D83C5B /* ViewController.swift */,
				28C60DBA1E575C6A00D83C5B /* garagee.xcdatamodeld */,
			);
			path = garagee;
			sourceTree = "<group>";
		};
		28C60DCA1E575C6B00D83C5B /* garageeTests */ = {
			isa = PBXGroup;
			children = (
				28C60DCD1E575C6B00D83C5B /* Info.plist */,
				28C60DCB1E575C6B00D83C5B /* garageeTests.swift */,
			);
			path = garageeTests;
			sourceTree = "<group>";
		};
		28C60DD51E575C6B00D83C5B /* garageeUITests */ = {
			isa = PBXGroup;
			children = (
				28C60DD81E575C6B00D83C5B /* Info.plist */,
				28C60DD61E575C6B00D83C5B /* garageeUITests.swift */,
			);
			path = garageeUITests;
			sourceTree = "<group>";
		};
		28C60DE41E575C9200D83C5B /* UI */ = {
			isa = PBXGroup;
			children = (
				289F01CA1E827F950073643C /* New Group */,
				289F01C91E827F900073643C /* Orders */,
				28894E641E676F9C005F8F05 /* Generic */,
			);
			path = UI;
			sourceTree = "<group>";
		};
		28C60DE51E575C9E00D83C5B /* Model */ = {
			isa = PBXGroup;
			children = (
				281C5D6E1FF6DDF50025538F /* Car+CoreDataClass.swift */,
				281C5D721FF6DDF50025538F /* Car+CoreDataProperties.swift */,
				281C5D711FF6DDF50025538F /* Customer+CoreDataClass.swift */,
				281C5D731FF6DDF50025538F /* Customer+CoreDataProperties.swift */,
				281C5D701FF6DDF50025538F /* Order+CoreDataClass.swift */,
				281C5D6F1FF6DDF50025538F /* Order+CoreDataProperties.swift */,
				281C5D741FF6DDF50025538F /* Part+CoreDataClass.swift */,
				281C5D751FF6DDF60025538F /* Part+CoreDataProperties.swift */,
			);
			path = Model;
			sourceTree = "<group>";
		};
		28C60DE61E575CA200D83C5B /* Managers */ = {
			isa = PBXGroup;
			children = (
				287EB1241FF5773A00AFE22A /* CoreData */,
				287EB12B1FF5773B00AFE22A /* ErrorHandling */,
				287EB1201FF5773A00AFE22A /* Networking */,
			);
			path = Managers;
			sourceTree = "<group>";
		};
		28C60DE71E575CAC00D83C5B /* Resources */ = {
			isa = PBXGroup;
			children = (
				28894E601E676F68005F8F05 /* Colors.swift */,
				28894E621E676F6F005F8F05 /* Fonts.swift */,
				28894E5E1E676F5B005F8F05 /* Images.swift */,
				28894E5C1E676AC9005F8F05 /* Storyboards.swift */,
			);
			path = Resources;
			sourceTree = "<group>";
		};
		6C2C2295A97BCC3D5B023622 /* Pods */ = {
			isa = PBXGroup;
			children = (
				F931E51649E44A08EA6F773F /* Pods-garagee.debug.xcconfig */,
				04E499789AC349A1F2C3E5E9 /* Pods-garagee.release.xcconfig */,
				9CF0DC28C50B2AC1B5E9F28D /* Pods-garageeTests.debug.xcconfig */,
				A3B22444A57E3D0957028779 /* Pods-garageeTests.release.xcconfig */,
				618C99E9BB80EF325223F18C /* Pods-garageeUITests.debug.xcconfig */,
				4FC2690FDBE86D3EAC2167C1 /* Pods-garageeUITests.release.xcconfig */,
			);
			name = Pods;
			sourceTree = "<group>";
		};
		8CC85095F25E313828593053 /* Frameworks */ = {
			isa = PBXGroup;
			children = (
				97BE95F4BF64BCB2F0984C1C /* Pods_garagee.framework */,
				34C2C41280370F559A42C284 /* Pods_garageeTests.framework */,
				8C34105DA961E140A3AEF553 /* Pods_garageeUITests.framework */,
			);
			name = Frameworks;
			sourceTree = "<group>";
		};
/* End PBXGroup section */

/* Begin PBXNativeTarget section */
		28C60DAF1E575C6A00D83C5B /* garagee */ = {
			isa = PBXNativeTarget;
			buildConfigurationList = 28C60DDB1E575C6B00D83C5B /* Build configuration list for PBXNativeTarget "garagee" */;
			buildPhases = (
				581477BC7F91C18056FFA7E0 /* [CP] Check Pods Manifest.lock */,
				28894E5B1E676AA3005F8F05 /* ShellScript */,
				28C60DAC1E575C6A00D83C5B /* Sources */,
				28C60DAD1E575C6A00D83C5B /* Frameworks */,
				28C60DAE1E575C6A00D83C5B /* Resources */,
				3083E19025FF6B4EEE6AB304 /* [CP] Embed Pods Frameworks */,
				F920279162F3E0EF85917E1E /* [CP] Copy Pods Resources */,
				281C5D451FF6CF990025538F /* ShellScript */,
				281C5D461FF6CF9B0025538F /* ShellScript */,
			);
			buildRules = (
			);
			dependencies = (
			);
			name = garagee;
			productName = garagee;
			productReference = 28C60DB01E575C6A00D83C5B /* garagee.app */;
			productType = "com.apple.product-type.application";
		};
		28C60DC61E575C6B00D83C5B /* garageeTests */ = {
			isa = PBXNativeTarget;
			buildConfigurationList = 28C60DDE1E575C6B00D83C5B /* Build configuration list for PBXNativeTarget "garageeTests" */;
			buildPhases = (
				45724AF2F314A89F81507ADC /* [CP] Check Pods Manifest.lock */,
				28C60DC31E575C6B00D83C5B /* Sources */,
				28C60DC41E575C6B00D83C5B /* Frameworks */,
				28C60DC51E575C6B00D83C5B /* Resources */,
				54A27D162CC3EB4B79BFA8C8 /* [CP] Embed Pods Frameworks */,
				1AB1FC1E8618CFA8CA21430D /* [CP] Copy Pods Resources */,
			);
			buildRules = (
			);
			dependencies = (
				28C60DC91E575C6B00D83C5B /* PBXTargetDependency */,
			);
			name = garageeTests;
			productName = garageeTests;
			productReference = 28C60DC71E575C6B00D83C5B /* garageeTests.xctest */;
			productType = "com.apple.product-type.bundle.unit-test";
		};
		28C60DD11E575C6B00D83C5B /* garageeUITests */ = {
			isa = PBXNativeTarget;
			buildConfigurationList = 28C60DE11E575C6B00D83C5B /* Build configuration list for PBXNativeTarget "garageeUITests" */;
			buildPhases = (
				88BEB95FEFE2CB76E10C4C2B /* [CP] Check Pods Manifest.lock */,
				28C60DCE1E575C6B00D83C5B /* Sources */,
				28C60DCF1E575C6B00D83C5B /* Frameworks */,
				28C60DD01E575C6B00D83C5B /* Resources */,
				FB0E0171A37EE904D1C2E544 /* [CP] Embed Pods Frameworks */,
				E2DE1B0D9A6AE39AEAE3EBC8 /* [CP] Copy Pods Resources */,
			);
			buildRules = (
			);
			dependencies = (
				28C60DD41E575C6B00D83C5B /* PBXTargetDependency */,
			);
			name = garageeUITests;
			productName = garageeUITests;
			productReference = 28C60DD21E575C6B00D83C5B /* garageeUITests.xctest */;
			productType = "com.apple.product-type.bundle.ui-testing";
		};
/* End PBXNativeTarget section */

/* Begin PBXProject section */
		28C60DA81E575C6A00D83C5B /* Project object */ = {
			isa = PBXProject;
			attributes = {
				LastSwiftUpdateCheck = 0820;
				LastUpgradeCheck = 0820;
				ORGANIZATIONNAME = "Jozef Matus";
				TargetAttributes = {
					28C60DAF1E575C6A00D83C5B = {
						CreatedOnToolsVersion = 8.2.1;
						DevelopmentTeam = B62A4LG5GA;
						ProvisioningStyle = Automatic;
					};
					28C60DC61E575C6B00D83C5B = {
						CreatedOnToolsVersion = 8.2.1;
						ProvisioningStyle = Automatic;
						TestTargetID = 28C60DAF1E575C6A00D83C5B;
					};
					28C60DD11E575C6B00D83C5B = {
						CreatedOnToolsVersion = 8.2.1;
						ProvisioningStyle = Automatic;
						TestTargetID = 28C60DAF1E575C6A00D83C5B;
					};
				};
			};
			buildConfigurationList = 28C60DAB1E575C6A00D83C5B /* Build configuration list for PBXProject "garagee" */;
			compatibilityVersion = "Xcode 3.2";
			developmentRegion = English;
			hasScannedForEncodings = 0;
			knownRegions = (
				en,
				Base,
			);
			mainGroup = 28C60DA71E575C6A00D83C5B;
			productRefGroup = 28C60DB11E575C6A00D83C5B /* Products */;
			projectDirPath = "";
			projectRoot = "";
			targets = (
				28C60DAF1E575C6A00D83C5B /* garagee */,
				28C60DC61E575C6B00D83C5B /* garageeTests */,
				28C60DD11E575C6B00D83C5B /* garageeUITests */,
			);
		};
/* End PBXProject section */

/* Begin PBXResourcesBuildPhase section */
		28C60DAE1E575C6A00D83C5B /* Resources */ = {
			isa = PBXResourcesBuildPhase;
			buildActionMask = 2147483647;
			files = (
				28C60DC11E575C6A00D83C5B /* LaunchScreen.storyboard in Resources */,
				289F01CE1E82809E0073643C /* OrdersVC.xib in Resources */,
				28C60DBE1E575C6A00D83C5B /* Assets.xcassets in Resources */,
				28C60DB91E575C6A00D83C5B /* Main.storyboard in Resources */,
			);
			runOnlyForDeploymentPostprocessing = 0;
		};
		28C60DC51E575C6B00D83C5B /* Resources */ = {
			isa = PBXResourcesBuildPhase;
			buildActionMask = 2147483647;
			files = (
			);
			runOnlyForDeploymentPostprocessing = 0;
		};
		28C60DD01E575C6B00D83C5B /* Resources */ = {
			isa = PBXResourcesBuildPhase;
			buildActionMask = 2147483647;
			files = (
			);
			runOnlyForDeploymentPostprocessing = 0;
		};
/* End PBXResourcesBuildPhase section */

/* Begin PBXShellScriptBuildPhase section */
		1AB1FC1E8618CFA8CA21430D /* [CP] Copy Pods Resources */ = {
			isa = PBXShellScriptBuildPhase;
			buildActionMask = 2147483647;
			files = (
			);
			inputPaths = (
			);
			name = "[CP] Copy Pods Resources";
			outputPaths = (
			);
			runOnlyForDeploymentPostprocessing = 0;
			shellPath = /bin/sh;
			shellScript = "\"${SRCROOT}/Pods/Target Support Files/Pods-garageeTests/Pods-garageeTests-resources.sh\"\n";
			showEnvVarsInLog = 0;
		};
		281C5D451FF6CF990025538F /* ShellScript */ = {
			isa = PBXShellScriptBuildPhase;
			buildActionMask = 2147483647;
			files = (
			);
			inputPaths = (
			);
			outputPaths = (
			);
			runOnlyForDeploymentPostprocessing = 0;
			shellPath = /bin/sh;
			shellScript = "Pods/Sourcery/bin/Sourcery.app/Contents/MacOS/Sourcery --sources . --templates templates --output garagee/generated";
		};
		281C5D461FF6CF9B0025538F /* ShellScript */ = {
			isa = PBXShellScriptBuildPhase;
			buildActionMask = 2147483647;
			files = (
			);
			inputPaths = (
			);
			outputPaths = (
			);
			runOnlyForDeploymentPostprocessing = 0;
			shellPath = /bin/sh;
			shellScript = "Pods/Sourcery/bin/Sourcery.app/Contents/MacOS/Sourcery --sources garagee/generated --templates templates --output garagee/generated --force-parse dto";
		};
		28894E5B1E676AA3005F8F05 /* ShellScript */ = {
			isa = PBXShellScriptBuildPhase;
			buildActionMask = 2147483647;
			files = (
			);
			inputPaths = (
			);
			outputPaths = (
			);
			runOnlyForDeploymentPostprocessing = 0;
			shellPath = /bin/sh;
			shellScript = "if which swiftgen >/dev/null; then\nswiftgen storyboards -t swift3 $PROJECT_DIR --output $PROJECT_DIR/$TARGET_NAME/Resources/Storyboards.swift\nelse\necho \"warning: SwiftGen not installed, download it from https://github.com/AliSoftware/SwiftGen\"\nfi";
		};
		3083E19025FF6B4EEE6AB304 /* [CP] Embed Pods Frameworks */ = {
			isa = PBXShellScriptBuildPhase;
			buildActionMask = 2147483647;
			files = (
			);
			inputPaths = (
				"${SRCROOT}/Pods/Target Support Files/Pods-garagee/Pods-garagee-frameworks.sh",
				"${BUILT_PRODUCTS_DIR}/Alamofire/Alamofire.framework",
				"${BUILT_PRODUCTS_DIR}/BBCoordinators/BBCoordinators.framework",
				"${BUILT_PRODUCTS_DIR}/Differentiator/Differentiator.framework",
				"${BUILT_PRODUCTS_DIR}/GTMSessionFetcher/GTMSessionFetcher.framework",
				"${BUILT_PRODUCTS_DIR}/GoogleToolboxForMac/GoogleToolboxForMac.framework",
				"${BUILT_PRODUCTS_DIR}/Localize-Swift/Localize_Swift.framework",
				"${BUILT_PRODUCTS_DIR}/MBProgressHUD/MBProgressHUD.framework",
				"${BUILT_PRODUCTS_DIR}/Moya/Moya.framework",
				"${BUILT_PRODUCTS_DIR}/NVActivityIndicatorView/NVActivityIndicatorView.framework",
				"${BUILT_PRODUCTS_DIR}/Protobuf/Protobuf.framework",
				"${BUILT_PRODUCTS_DIR}/Result/Result.framework",
				"${BUILT_PRODUCTS_DIR}/RxCocoa/RxCocoa.framework",
				"${BUILT_PRODUCTS_DIR}/RxDataSources/RxDataSources.framework",
				"${BUILT_PRODUCTS_DIR}/RxKeyboard/RxKeyboard.framework",
				"${BUILT_PRODUCTS_DIR}/RxSwift/RxSwift.framework",
				"${BUILT_PRODUCTS_DIR}/RxViewModel/RxViewModel.framework",
				"${BUILT_PRODUCTS_DIR}/SwiftyJSON/SwiftyJSON.framework",
				"${BUILT_PRODUCTS_DIR}/Swinject/Swinject.framework",
				"${BUILT_PRODUCTS_DIR}/SwinjectStoryboard/SwinjectStoryboard.framework",
				"${BUILT_PRODUCTS_DIR}/Unbox/Unbox.framework",
				"${BUILT_PRODUCTS_DIR}/leveldb-library/leveldb.framework",
				"${BUILT_PRODUCTS_DIR}/nanopb/nanopb.framework",
			);
			name = "[CP] Embed Pods Frameworks";
			outputPaths = (
				"${TARGET_BUILD_DIR}/${FRAMEWORKS_FOLDER_PATH}/Alamofire.framework",
				"${TARGET_BUILD_DIR}/${FRAMEWORKS_FOLDER_PATH}/BBCoordinators.framework",
				"${TARGET_BUILD_DIR}/${FRAMEWORKS_FOLDER_PATH}/Differentiator.framework",
				"${TARGET_BUILD_DIR}/${FRAMEWORKS_FOLDER_PATH}/GTMSessionFetcher.framework",
				"${TARGET_BUILD_DIR}/${FRAMEWORKS_FOLDER_PATH}/GoogleToolboxForMac.framework",
				"${TARGET_BUILD_DIR}/${FRAMEWORKS_FOLDER_PATH}/Localize_Swift.framework",
				"${TARGET_BUILD_DIR}/${FRAMEWORKS_FOLDER_PATH}/MBProgressHUD.framework",
				"${TARGET_BUILD_DIR}/${FRAMEWORKS_FOLDER_PATH}/Moya.framework",
				"${TARGET_BUILD_DIR}/${FRAMEWORKS_FOLDER_PATH}/NVActivityIndicatorView.framework",
				"${TARGET_BUILD_DIR}/${FRAMEWORKS_FOLDER_PATH}/Protobuf.framework",
				"${TARGET_BUILD_DIR}/${FRAMEWORKS_FOLDER_PATH}/Result.framework",
				"${TARGET_BUILD_DIR}/${FRAMEWORKS_FOLDER_PATH}/RxCocoa.framework",
				"${TARGET_BUILD_DIR}/${FRAMEWORKS_FOLDER_PATH}/RxDataSources.framework",
				"${TARGET_BUILD_DIR}/${FRAMEWORKS_FOLDER_PATH}/RxKeyboard.framework",
				"${TARGET_BUILD_DIR}/${FRAMEWORKS_FOLDER_PATH}/RxSwift.framework",
				"${TARGET_BUILD_DIR}/${FRAMEWORKS_FOLDER_PATH}/RxViewModel.framework",
				"${TARGET_BUILD_DIR}/${FRAMEWORKS_FOLDER_PATH}/SwiftyJSON.framework",
				"${TARGET_BUILD_DIR}/${FRAMEWORKS_FOLDER_PATH}/Swinject.framework",
				"${TARGET_BUILD_DIR}/${FRAMEWORKS_FOLDER_PATH}/SwinjectStoryboard.framework",
				"${TARGET_BUILD_DIR}/${FRAMEWORKS_FOLDER_PATH}/Unbox.framework",
				"${TARGET_BUILD_DIR}/${FRAMEWORKS_FOLDER_PATH}/leveldb.framework",
				"${TARGET_BUILD_DIR}/${FRAMEWORKS_FOLDER_PATH}/nanopb.framework",
			);
			runOnlyForDeploymentPostprocessing = 0;
			shellPath = /bin/sh;
			shellScript = "\"${SRCROOT}/Pods/Target Support Files/Pods-garagee/Pods-garagee-frameworks.sh\"\n";
			showEnvVarsInLog = 0;
		};
		45724AF2F314A89F81507ADC /* [CP] Check Pods Manifest.lock */ = {
			isa = PBXShellScriptBuildPhase;
			buildActionMask = 2147483647;
			files = (
			);
			inputPaths = (
				"${PODS_PODFILE_DIR_PATH}/Podfile.lock",
				"${PODS_ROOT}/Manifest.lock",
			);
			name = "[CP] Check Pods Manifest.lock";
			outputPaths = (
				"$(DERIVED_FILE_DIR)/Pods-garageeTests-checkManifestLockResult.txt",
			);
			runOnlyForDeploymentPostprocessing = 0;
			shellPath = /bin/sh;
			shellScript = "diff \"${PODS_PODFILE_DIR_PATH}/Podfile.lock\" \"${PODS_ROOT}/Manifest.lock\" > /dev/null\nif [ $? != 0 ] ; then\n    # print error to STDERR\n    echo \"error: The sandbox is not in sync with the Podfile.lock. Run 'pod install' or update your CocoaPods installation.\" >&2\n    exit 1\nfi\n# This output is used by Xcode 'outputs' to avoid re-running this script phase.\necho \"SUCCESS\" > \"${SCRIPT_OUTPUT_FILE_0}\"\n";
			showEnvVarsInLog = 0;
		};
		54A27D162CC3EB4B79BFA8C8 /* [CP] Embed Pods Frameworks */ = {
			isa = PBXShellScriptBuildPhase;
			buildActionMask = 2147483647;
			files = (
			);
			inputPaths = (
			);
			name = "[CP] Embed Pods Frameworks";
			outputPaths = (
			);
			runOnlyForDeploymentPostprocessing = 0;
			shellPath = /bin/sh;
			shellScript = "\"${SRCROOT}/Pods/Target Support Files/Pods-garageeTests/Pods-garageeTests-frameworks.sh\"\n";
			showEnvVarsInLog = 0;
		};
		581477BC7F91C18056FFA7E0 /* [CP] Check Pods Manifest.lock */ = {
			isa = PBXShellScriptBuildPhase;
			buildActionMask = 2147483647;
			files = (
			);
			inputPaths = (
				"${PODS_PODFILE_DIR_PATH}/Podfile.lock",
				"${PODS_ROOT}/Manifest.lock",
			);
			name = "[CP] Check Pods Manifest.lock";
			outputPaths = (
				"$(DERIVED_FILE_DIR)/Pods-garagee-checkManifestLockResult.txt",
			);
			runOnlyForDeploymentPostprocessing = 0;
			shellPath = /bin/sh;
			shellScript = "diff \"${PODS_PODFILE_DIR_PATH}/Podfile.lock\" \"${PODS_ROOT}/Manifest.lock\" > /dev/null\nif [ $? != 0 ] ; then\n    # print error to STDERR\n    echo \"error: The sandbox is not in sync with the Podfile.lock. Run 'pod install' or update your CocoaPods installation.\" >&2\n    exit 1\nfi\n# This output is used by Xcode 'outputs' to avoid re-running this script phase.\necho \"SUCCESS\" > \"${SCRIPT_OUTPUT_FILE_0}\"\n";
			showEnvVarsInLog = 0;
		};
		88BEB95FEFE2CB76E10C4C2B /* [CP] Check Pods Manifest.lock */ = {
			isa = PBXShellScriptBuildPhase;
			buildActionMask = 2147483647;
			files = (
			);
			inputPaths = (
				"${PODS_PODFILE_DIR_PATH}/Podfile.lock",
				"${PODS_ROOT}/Manifest.lock",
			);
			name = "[CP] Check Pods Manifest.lock";
			outputPaths = (
				"$(DERIVED_FILE_DIR)/Pods-garageeUITests-checkManifestLockResult.txt",
			);
			runOnlyForDeploymentPostprocessing = 0;
			shellPath = /bin/sh;
			shellScript = "diff \"${PODS_PODFILE_DIR_PATH}/Podfile.lock\" \"${PODS_ROOT}/Manifest.lock\" > /dev/null\nif [ $? != 0 ] ; then\n    # print error to STDERR\n    echo \"error: The sandbox is not in sync with the Podfile.lock. Run 'pod install' or update your CocoaPods installation.\" >&2\n    exit 1\nfi\n# This output is used by Xcode 'outputs' to avoid re-running this script phase.\necho \"SUCCESS\" > \"${SCRIPT_OUTPUT_FILE_0}\"\n";
			showEnvVarsInLog = 0;
		};
		E2DE1B0D9A6AE39AEAE3EBC8 /* [CP] Copy Pods Resources */ = {
			isa = PBXShellScriptBuildPhase;
			buildActionMask = 2147483647;
			files = (
			);
			inputPaths = (
			);
			name = "[CP] Copy Pods Resources";
			outputPaths = (
			);
			runOnlyForDeploymentPostprocessing = 0;
			shellPath = /bin/sh;
			shellScript = "\"${SRCROOT}/Pods/Target Support Files/Pods-garageeUITests/Pods-garageeUITests-resources.sh\"\n";
			showEnvVarsInLog = 0;
		};
		F920279162F3E0EF85917E1E /* [CP] Copy Pods Resources */ = {
			isa = PBXShellScriptBuildPhase;
			buildActionMask = 2147483647;
			files = (
			);
			inputPaths = (
			);
			name = "[CP] Copy Pods Resources";
			outputPaths = (
			);
			runOnlyForDeploymentPostprocessing = 0;
			shellPath = /bin/sh;
			shellScript = "\"${SRCROOT}/Pods/Target Support Files/Pods-garagee/Pods-garagee-resources.sh\"\n";
			showEnvVarsInLog = 0;
		};
		FB0E0171A37EE904D1C2E544 /* [CP] Embed Pods Frameworks */ = {
			isa = PBXShellScriptBuildPhase;
			buildActionMask = 2147483647;
			files = (
			);
			inputPaths = (
			);
			name = "[CP] Embed Pods Frameworks";
			outputPaths = (
			);
			runOnlyForDeploymentPostprocessing = 0;
			shellPath = /bin/sh;
			shellScript = "\"${SRCROOT}/Pods/Target Support Files/Pods-garageeUITests/Pods-garageeUITests-frameworks.sh\"\n";
			showEnvVarsInLog = 0;
		};
/* End PBXShellScriptBuildPhase section */

/* Begin PBXSourcesBuildPhase section */
		28C60DAC1E575C6A00D83C5B /* Sources */ = {
			isa = PBXSourcesBuildPhase;
			buildActionMask = 2147483647;
			files = (
				281C5D7A1FF6DDF60025538F /* Car+CoreDataProperties.swift in Sources */,
				28894E631E676F6F005F8F05 /* Fonts.swift in Sources */,
				281C5D7C1FF6DDF60025538F /* Part+CoreDataClass.swift in Sources */,
				287EB14A1FF57B5700AFE22A /* BaseSectionModel.swift in Sources */,
				281C5D5D1FF6D76D0025538F /* Part.dto.swift in Sources */,
				287EB15E1FF57B7600AFE22A /* UICollectionView+ReusCell.swift in Sources */,
				281C5D5A1FF6D76D0025538F /* Order.dto.swift in Sources */,
				287EB1491FF57B5700AFE22A /* BaseCollectionView.swift in Sources */,
				287EB1351FF5773C00AFE22A /* ErrorHandling.swift in Sources */,
				287EB14E1FF57B5700AFE22A /* BaseViewController.swift in Sources */,
				289F01CD1E82809E0073643C /* OrdersVC.swift in Sources */,
				287EB15C1FF57B7600AFE22A /* UIButton+BackgroundColor.swift in Sources */,
				281C5D7B1FF6DDF60025538F /* Customer+CoreDataProperties.swift in Sources */,
				28C60DB61E575C6A00D83C5B /* ViewController.swift in Sources */,
				287EB1311FF5773C00AFE22A /* Managed.swift in Sources */,
				287EB14D1FF57B5700AFE22A /* NavigationController.swift in Sources */,
				287EB1471FF57B5700AFE22A /* BaseViewModel.swift in Sources */,
				287EB14C1FF57B5700AFE22A /* ReusableCollectionView.swift in Sources */,
				28894E5F1E676F5C005F8F05 /* Images.swift in Sources */,
				281C5D781FF6DDF60025538F /* Order+CoreDataClass.swift in Sources */,
				287EB14B1FF57B5700AFE22A /* CellGenerics.swift in Sources */,
				281C5D591FF6D76D0025538F /* Customer.dto.swift in Sources */,
				287EB1501FF57B5700AFE22A /* MBProgressHUD+ReactiveObserver.swift in Sources */,
				281C5D5C1FF6D76D0025538F /* AutoEquatable.generated.swift in Sources */,
				28C60DB41E575C6A00D83C5B /* AppDelegate.swift in Sources */,
				281C5D771FF6DDF60025538F /* Order+CoreDataProperties.swift in Sources */,
				287EB12D1FF5773C00AFE22A /* MoyaResponseParsing.swift in Sources */,
				281C5D511FF6D6FE0025538F /* SourceryProtocols.swift in Sources */,
				287EB1331FF5773C00AFE22A /* FetchedResultsControllerSectionObserver.swift in Sources */,
				281C5D5B1FF6D76D0025538F /* Car.dto.swift in Sources */,
				287EB15F1FF57B7600AFE22A /* UITableView+ReusCell.swift in Sources */,
				287EB15D1FF57B7600AFE22A /* UICollectionView+Convenience.swift in Sources */,
				287EB1321FF5773C00AFE22A /* FetchedResultsControllerControllerEntityObserver.swift in Sources */,
				281C5D761FF6DDF60025538F /* Car+CoreDataClass.swift in Sources */,
				287EB15B1FF57B7600AFE22A /* UIAlertController+Convenience.swift in Sources */,
				287EB1341FF5773C00AFE22A /* NSManagedObjectContext+Rx.swift in Sources */,
				287EB1301FF5773C00AFE22A /* CoreDataStack.swift in Sources */,
				281C5D581FF6D76D0025538F /* AutoHashable.generated.swift in Sources */,
				28894E5D1E676AC9005F8F05 /* Storyboards.swift in Sources */,
				28C60DBC1E575C6A00D83C5B /* garagee.xcdatamodeld in Sources */,
				281C5D7D1FF6DDF60025538F /* Part+CoreDataProperties.swift in Sources */,
				287EB14F1FF57B5700AFE22A /* ActivityIndicator.swift in Sources */,
				287EB1591FF57B7600AFE22A /* String+Convenience.swift in Sources */,
				287EB1481FF57B5700AFE22A /* Coordinator.swift in Sources */,
				281C5D791FF6DDF60025538F /* Customer+CoreDataClass.swift in Sources */,
				287EB15A1FF57B7600AFE22A /* String.swift in Sources */,
				28894E611E676F68005F8F05 /* Colors.swift in Sources */,
			);
			runOnlyForDeploymentPostprocessing = 0;
		};
		28C60DC31E575C6B00D83C5B /* Sources */ = {
			isa = PBXSourcesBuildPhase;
			buildActionMask = 2147483647;
			files = (
				28C60DCC1E575C6B00D83C5B /* garageeTests.swift in Sources */,
			);
			runOnlyForDeploymentPostprocessing = 0;
		};
		28C60DCE1E575C6B00D83C5B /* Sources */ = {
			isa = PBXSourcesBuildPhase;
			buildActionMask = 2147483647;
			files = (
				28C60DD71E575C6B00D83C5B /* garageeUITests.swift in Sources */,
			);
			runOnlyForDeploymentPostprocessing = 0;
		};
/* End PBXSourcesBuildPhase section */

/* Begin PBXTargetDependency section */
		28C60DC91E575C6B00D83C5B /* PBXTargetDependency */ = {
			isa = PBXTargetDependency;
			target = 28C60DAF1E575C6A00D83C5B /* garagee */;
			targetProxy = 28C60DC81E575C6B00D83C5B /* PBXContainerItemProxy */;
		};
		28C60DD41E575C6B00D83C5B /* PBXTargetDependency */ = {
			isa = PBXTargetDependency;
			target = 28C60DAF1E575C6A00D83C5B /* garagee */;
			targetProxy = 28C60DD31E575C6B00D83C5B /* PBXContainerItemProxy */;
		};
/* End PBXTargetDependency section */

/* Begin PBXVariantGroup section */
		28C60DB71E575C6A00D83C5B /* Main.storyboard */ = {
			isa = PBXVariantGroup;
			children = (
				28C60DB81E575C6A00D83C5B /* Base */,
			);
			name = Main.storyboard;
			path = .;
			sourceTree = "<group>";
		};
		28C60DBF1E575C6A00D83C5B /* LaunchScreen.storyboard */ = {
			isa = PBXVariantGroup;
			children = (
				28C60DC01E575C6A00D83C5B /* Base */,
			);
			name = LaunchScreen.storyboard;
			path = .;
			sourceTree = "<group>";
		};
/* End PBXVariantGroup section */

/* Begin XCBuildConfiguration section */
		28C60DD91E575C6B00D83C5B /* Debug */ = {
			isa = XCBuildConfiguration;
			buildSettings = {
				ALWAYS_SEARCH_USER_PATHS = NO;
				CLANG_ANALYZER_NONNULL = YES;
				CLANG_CXX_LANGUAGE_STANDARD = "gnu++0x";
				CLANG_CXX_LIBRARY = "libc++";
				CLANG_ENABLE_MODULES = YES;
				CLANG_ENABLE_OBJC_ARC = YES;
				CLANG_WARN_BOOL_CONVERSION = YES;
				CLANG_WARN_CONSTANT_CONVERSION = YES;
				CLANG_WARN_DIRECT_OBJC_ISA_USAGE = YES_ERROR;
				CLANG_WARN_DOCUMENTATION_COMMENTS = YES;
				CLANG_WARN_EMPTY_BODY = YES;
				CLANG_WARN_ENUM_CONVERSION = YES;
				CLANG_WARN_INFINITE_RECURSION = YES;
				CLANG_WARN_INT_CONVERSION = YES;
				CLANG_WARN_OBJC_ROOT_CLASS = YES_ERROR;
				CLANG_WARN_SUSPICIOUS_MOVE = YES;
				CLANG_WARN_UNREACHABLE_CODE = YES;
				CLANG_WARN__DUPLICATE_METHOD_MATCH = YES;
				"CODE_SIGN_IDENTITY[sdk=iphoneos*]" = "iPhone Developer";
				COPY_PHASE_STRIP = NO;
				DEBUG_INFORMATION_FORMAT = dwarf;
				ENABLE_STRICT_OBJC_MSGSEND = YES;
				ENABLE_TESTABILITY = YES;
				GCC_C_LANGUAGE_STANDARD = gnu99;
				GCC_DYNAMIC_NO_PIC = NO;
				GCC_NO_COMMON_BLOCKS = YES;
				GCC_OPTIMIZATION_LEVEL = 0;
				GCC_PREPROCESSOR_DEFINITIONS = (
					"DEBUG=1",
					"$(inherited)",
				);
				GCC_WARN_64_TO_32_BIT_CONVERSION = YES;
				GCC_WARN_ABOUT_RETURN_TYPE = YES_ERROR;
				GCC_WARN_UNDECLARED_SELECTOR = YES;
				GCC_WARN_UNINITIALIZED_AUTOS = YES_AGGRESSIVE;
				GCC_WARN_UNUSED_FUNCTION = YES;
				GCC_WARN_UNUSED_VARIABLE = YES;
				IPHONEOS_DEPLOYMENT_TARGET = 10.2;
				MTL_ENABLE_DEBUG_INFO = YES;
				ONLY_ACTIVE_ARCH = YES;
				SDKROOT = iphoneos;
				SWIFT_ACTIVE_COMPILATION_CONDITIONS = DEBUG;
				SWIFT_OPTIMIZATION_LEVEL = "-Onone";
				TARGETED_DEVICE_FAMILY = "1,2";
			};
			name = Debug;
		};
		28C60DDA1E575C6B00D83C5B /* Release */ = {
			isa = XCBuildConfiguration;
			buildSettings = {
				ALWAYS_SEARCH_USER_PATHS = NO;
				CLANG_ANALYZER_NONNULL = YES;
				CLANG_CXX_LANGUAGE_STANDARD = "gnu++0x";
				CLANG_CXX_LIBRARY = "libc++";
				CLANG_ENABLE_MODULES = YES;
				CLANG_ENABLE_OBJC_ARC = YES;
				CLANG_WARN_BOOL_CONVERSION = YES;
				CLANG_WARN_CONSTANT_CONVERSION = YES;
				CLANG_WARN_DIRECT_OBJC_ISA_USAGE = YES_ERROR;
				CLANG_WARN_DOCUMENTATION_COMMENTS = YES;
				CLANG_WARN_EMPTY_BODY = YES;
				CLANG_WARN_ENUM_CONVERSION = YES;
				CLANG_WARN_INFINITE_RECURSION = YES;
				CLANG_WARN_INT_CONVERSION = YES;
				CLANG_WARN_OBJC_ROOT_CLASS = YES_ERROR;
				CLANG_WARN_SUSPICIOUS_MOVE = YES;
				CLANG_WARN_UNREACHABLE_CODE = YES;
				CLANG_WARN__DUPLICATE_METHOD_MATCH = YES;
				"CODE_SIGN_IDENTITY[sdk=iphoneos*]" = "iPhone Developer";
				COPY_PHASE_STRIP = NO;
				DEBUG_INFORMATION_FORMAT = "dwarf-with-dsym";
				ENABLE_NS_ASSERTIONS = NO;
				ENABLE_STRICT_OBJC_MSGSEND = YES;
				GCC_C_LANGUAGE_STANDARD = gnu99;
				GCC_NO_COMMON_BLOCKS = YES;
				GCC_WARN_64_TO_32_BIT_CONVERSION = YES;
				GCC_WARN_ABOUT_RETURN_TYPE = YES_ERROR;
				GCC_WARN_UNDECLARED_SELECTOR = YES;
				GCC_WARN_UNINITIALIZED_AUTOS = YES_AGGRESSIVE;
				GCC_WARN_UNUSED_FUNCTION = YES;
				GCC_WARN_UNUSED_VARIABLE = YES;
				IPHONEOS_DEPLOYMENT_TARGET = 10.2;
				MTL_ENABLE_DEBUG_INFO = NO;
				SDKROOT = iphoneos;
				SWIFT_OPTIMIZATION_LEVEL = "-Owholemodule";
				TARGETED_DEVICE_FAMILY = "1,2";
				VALIDATE_PRODUCT = YES;
			};
			name = Release;
		};
		28C60DDC1E575C6B00D83C5B /* Debug */ = {
			isa = XCBuildConfiguration;
			baseConfigurationReference = F931E51649E44A08EA6F773F /* Pods-garagee.debug.xcconfig */;
			buildSettings = {
				ASSETCATALOG_COMPILER_APPICON_NAME = AppIcon;
				DEVELOPMENT_TEAM = B62A4LG5GA;
				INFOPLIST_FILE = garagee/Info.plist;
				LD_RUNPATH_SEARCH_PATHS = "$(inherited) @executable_path/Frameworks";
				PRODUCT_BUNDLE_IDENTIFIER = com.romakrim.garagee;
				PRODUCT_NAME = "$(TARGET_NAME)";
				SWIFT_VERSION = 4.0;
			};
			name = Debug;
		};
		28C60DDD1E575C6B00D83C5B /* Release */ = {
			isa = XCBuildConfiguration;
			baseConfigurationReference = 04E499789AC349A1F2C3E5E9 /* Pods-garagee.release.xcconfig */;
			buildSettings = {
				ASSETCATALOG_COMPILER_APPICON_NAME = AppIcon;
				DEVELOPMENT_TEAM = B62A4LG5GA;
				INFOPLIST_FILE = garagee/Info.plist;
				LD_RUNPATH_SEARCH_PATHS = "$(inherited) @executable_path/Frameworks";
				PRODUCT_BUNDLE_IDENTIFIER = com.romakrim.garagee;
				PRODUCT_NAME = "$(TARGET_NAME)";
				SWIFT_VERSION = 4.0;
			};
			name = Release;
		};
		28C60DDF1E575C6B00D83C5B /* Debug */ = {
			isa = XCBuildConfiguration;
			baseConfigurationReference = 9CF0DC28C50B2AC1B5E9F28D /* Pods-garageeTests.debug.xcconfig */;
			buildSettings = {
				ALWAYS_EMBED_SWIFT_STANDARD_LIBRARIES = YES;
				BUNDLE_LOADER = "$(TEST_HOST)";
				INFOPLIST_FILE = garageeTests/Info.plist;
				LD_RUNPATH_SEARCH_PATHS = "$(inherited) @executable_path/Frameworks @loader_path/Frameworks";
				PRODUCT_BUNDLE_IDENTIFIER = com.romakrim.garageeTests;
				PRODUCT_NAME = "$(TARGET_NAME)";
				SWIFT_VERSION = 3.0;
				TEST_HOST = "$(BUILT_PRODUCTS_DIR)/garagee.app/garagee";
			};
			name = Debug;
		};
		28C60DE01E575C6B00D83C5B /* Release */ = {
			isa = XCBuildConfiguration;
			baseConfigurationReference = A3B22444A57E3D0957028779 /* Pods-garageeTests.release.xcconfig */;
			buildSettings = {
				ALWAYS_EMBED_SWIFT_STANDARD_LIBRARIES = YES;
				BUNDLE_LOADER = "$(TEST_HOST)";
				INFOPLIST_FILE = garageeTests/Info.plist;
				LD_RUNPATH_SEARCH_PATHS = "$(inherited) @executable_path/Frameworks @loader_path/Frameworks";
				PRODUCT_BUNDLE_IDENTIFIER = com.romakrim.garageeTests;
				PRODUCT_NAME = "$(TARGET_NAME)";
				SWIFT_VERSION = 3.0;
				TEST_HOST = "$(BUILT_PRODUCTS_DIR)/garagee.app/garagee";
			};
			name = Release;
		};
		28C60DE21E575C6B00D83C5B /* Debug */ = {
			isa = XCBuildConfiguration;
			baseConfigurationReference = 618C99E9BB80EF325223F18C /* Pods-garageeUITests.debug.xcconfig */;
			buildSettings = {
				ALWAYS_EMBED_SWIFT_STANDARD_LIBRARIES = YES;
				INFOPLIST_FILE = garageeUITests/Info.plist;
				LD_RUNPATH_SEARCH_PATHS = "$(inherited) @executable_path/Frameworks @loader_path/Frameworks";
				PRODUCT_BUNDLE_IDENTIFIER = com.romakrim.garageeUITests;
				PRODUCT_NAME = "$(TARGET_NAME)";
				SWIFT_VERSION = 3.0;
				TEST_TARGET_NAME = garagee;
			};
			name = Debug;
		};
		28C60DE31E575C6B00D83C5B /* Release */ = {
			isa = XCBuildConfiguration;
			baseConfigurationReference = 4FC2690FDBE86D3EAC2167C1 /* Pods-garageeUITests.release.xcconfig */;
			buildSettings = {
				ALWAYS_EMBED_SWIFT_STANDARD_LIBRARIES = YES;
				INFOPLIST_FILE = garageeUITests/Info.plist;
				LD_RUNPATH_SEARCH_PATHS = "$(inherited) @executable_path/Frameworks @loader_path/Frameworks";
				PRODUCT_BUNDLE_IDENTIFIER = com.romakrim.garageeUITests;
				PRODUCT_NAME = "$(TARGET_NAME)";
				SWIFT_VERSION = 3.0;
				TEST_TARGET_NAME = garagee;
			};
			name = Release;
		};
/* End XCBuildConfiguration section */

/* Begin XCConfigurationList section */
		28C60DAB1E575C6A00D83C5B /* Build configuration list for PBXProject "garagee" */ = {
			isa = XCConfigurationList;
			buildConfigurations = (
				28C60DD91E575C6B00D83C5B /* Debug */,
				28C60DDA1E575C6B00D83C5B /* Release */,
			);
			defaultConfigurationIsVisible = 0;
			defaultConfigurationName = Release;
		};
		28C60DDB1E575C6B00D83C5B /* Build configuration list for PBXNativeTarget "garagee" */ = {
			isa = XCConfigurationList;
			buildConfigurations = (
				28C60DDC1E575C6B00D83C5B /* Debug */,
				28C60DDD1E575C6B00D83C5B /* Release */,
			);
			defaultConfigurationIsVisible = 0;
			defaultConfigurationName = Release;
		};
		28C60DDE1E575C6B00D83C5B /* Build configuration list for PBXNativeTarget "garageeTests" */ = {
			isa = XCConfigurationList;
			buildConfigurations = (
				28C60DDF1E575C6B00D83C5B /* Debug */,
				28C60DE01E575C6B00D83C5B /* Release */,
			);
			defaultConfigurationIsVisible = 0;
			defaultConfigurationName = Release;
		};
		28C60DE11E575C6B00D83C5B /* Build configuration list for PBXNativeTarget "garageeUITests" */ = {
			isa = XCConfigurationList;
			buildConfigurations = (
				28C60DE21E575C6B00D83C5B /* Debug */,
				28C60DE31E575C6B00D83C5B /* Release */,
			);
			defaultConfigurationIsVisible = 0;
			defaultConfigurationName = Release;
		};
/* End XCConfigurationList section */

/* Begin XCVersionGroup section */
		28C60DBA1E575C6A00D83C5B /* garagee.xcdatamodeld */ = {
			isa = XCVersionGroup;
			children = (
				28C60DBB1E575C6A00D83C5B /* garagee.xcdatamodel */,
			);
			currentVersion = 28C60DBB1E575C6A00D83C5B /* garagee.xcdatamodel */;
			path = garagee.xcdatamodeld;
			sourceTree = "<group>";
			versionGroupType = wrapper.xcdatamodel;
		};
/* End XCVersionGroup section */
	};
	rootObject = 28C60DA81E575C6A00D83C5B /* Project object */;
}
